<?xml version="1.0" encoding="utf-8"?>
<Project ToolsVersion="4.0" xmlns="http://schemas.microsoft.com/developer/msbuild/2003">
  <ItemGroup>
    <Filter Include="Source Files">
      <UniqueIdentifier>{4FC737F1-C7A5-4376-A066-2A32D752A2FF}</UniqueIdentifier>
      <Extensions>cpp;c;cc;cxx;def;odl;idl;hpj;bat;asm;asmx</Extensions>
    </Filter>
    <Filter Include="Header Files">
      <UniqueIdentifier>{93995380-89BD-4b04-88EB-625FBE52EBFB}</UniqueIdentifier>
      <Extensions>h;hh;hpp;hxx;hm;inl;inc;ipp;xsd</Extensions>
    </Filter>
    <Filter Include="Resource Files">
      <UniqueIdentifier>{67DA6AB6-F800-4c08-8B7A-83BB121AAD01}</UniqueIdentifier>
      <Extensions>rc;ico;cur;bmp;dlg;rc2;rct;bin;rgs;gif;jpg;jpeg;jpe;resx;tiff;tif;png;wav;mfcribbon-ms</Extensions>
    </Filter>
    <Filter Include="Header Files\Managers">
      <UniqueIdentifier>{7fc7bd59-211f-4b63-ab7c-b49d61005997}</UniqueIdentifier>
    </Filter>
    <Filter Include="Header Files\Time">
      <UniqueIdentifier>{49541229-ff19-4481-b938-528a10d41b72}</UniqueIdentifier>
    </Filter>
    <Filter Include="Source Files\Time">
      <UniqueIdentifier>{774eb0ff-c9cd-465d-9b9b-36c12945fac8}</UniqueIdentifier>
    </Filter>
    <Filter Include="Source Files\Managers">
      <UniqueIdentifier>{3bf23a93-367c-40a2-a94e-2599fd3afc9b}</UniqueIdentifier>
    </Filter>
    <Filter Include="Header Files\Entities">
      <UniqueIdentifier>{a830dbfe-3af4-4a7c-b691-1d29d246646c}</UniqueIdentifier>
    </Filter>
    <Filter Include="Source Files\Entities">
      <UniqueIdentifier>{cfe6f360-4ead-4a94-a2c0-f33e22a9f461}</UniqueIdentifier>
    </Filter>
    <Filter Include="Header Files\Utilities">
      <UniqueIdentifier>{ec50bc82-85b3-4168-899d-dc0932c1ae1b}</UniqueIdentifier>
    </Filter>
    <Filter Include="Header Files\Entities\Characters">
      <UniqueIdentifier>{e91d6cf7-9a35-413e-80b2-e5ddb669347b}</UniqueIdentifier>
    </Filter>
    <Filter Include="Header Files\Entities\Platforms">
      <UniqueIdentifier>{4948e721-b52f-4a1e-b3ec-daf037e8278b}</UniqueIdentifier>
    </Filter>
    <Filter Include="Header Files\Entities\Platforms\Dynamic">
      <UniqueIdentifier>{6dbd52cf-8ba9-4555-a78d-64eed3a4e4b9}</UniqueIdentifier>
    </Filter>
    <Filter Include="Source Files\Utilities">
      <UniqueIdentifier>{a512f761-3851-40a5-a390-b0052ffbddf5}</UniqueIdentifier>
    </Filter>
    <Filter Include="Source Files\Entities\Characters">
      <UniqueIdentifier>{c5cc0085-c627-45d8-af8f-a45ce67a212c}</UniqueIdentifier>
    </Filter>
    <Filter Include="Source Files\Entities\Platforms">
      <UniqueIdentifier>{d1e09f04-ee74-4965-9a63-14467a0494c0}</UniqueIdentifier>
    </Filter>
    <Filter Include="Source Files\Entities\Platforms\Dynamic">
      <UniqueIdentifier>{7ef12737-82a3-43d8-ad51-0b9ece01f4d8}</UniqueIdentifier>
    </Filter>
  </ItemGroup>
  <ItemGroup>
    <ClCompile Include="main.cpp">
      <Filter>Source Files</Filter>
    </ClCompile>
    <ClCompile Include="Game.cpp">
      <Filter>Source Files</Filter>
    </ClCompile>
    <ClCompile Include="DynamicPlatform.cpp">
      <Filter>Source Files\Entities\Platforms\Dynamic</Filter>
    </ClCompile>
    <ClCompile Include="Entity.cpp">
      <Filter>Source Files\Entities</Filter>
    </ClCompile>
    <ClCompile Include="EntityManager.cpp">
      <Filter>Source Files\Managers</Filter>
    </ClCompile>
    <ClCompile Include="GameTime.cpp">
      <Filter>Source Files\Time</Filter>
    </ClCompile>
    <ClCompile Include="PatternPlatform.cpp">
      <Filter>Source Files\Entities\Platforms\Dynamic</Filter>
    </ClCompile>
    <ClCompile Include="Pattern.cpp">
      <Filter>Source Files\Utilities</Filter>
    </ClCompile>
    <ClCompile Include="Platform.cpp">
      <Filter>Source Files\Entities\Platforms</Filter>
    </ClCompile>
    <ClCompile Include="StaticPlatform.cpp">
      <Filter>Source Files\Entities\Platforms</Filter>
    </ClCompile>
    <ClCompile Include="Timeline.cpp">
      <Filter>Source Files\Time</Filter>
    </ClCompile>
    <ClCompile Include="Player.cpp">
      <Filter>Source Files\Entities\Characters</Filter>
    </ClCompile>
    <ClCompile Include="InputManager.cpp">
      <Filter>Source Files\Managers</Filter>
    </ClCompile>
    <ClCompile Include="EntityRectangle.cpp">
      <Filter>Source Files\Entities</Filter>
    </ClCompile>
  </ItemGroup>
  <ItemGroup>
    <ClInclude Include="EntityManager.h">
      <Filter>Header Files\Managers</Filter>
    </ClInclude>
    <ClInclude Include="Entity.h">
      <Filter>Header Files\Entities</Filter>
    </ClInclude>
    <ClInclude Include="Player.h">
      <Filter>Header Files\Entities\Characters</Filter>
    </ClInclude>
    <ClInclude Include="Platform.h">
      <Filter>Header Files\Entities\Platforms</Filter>
    </ClInclude>
    <ClInclude Include="StaticPlatform.h">
      <Filter>Header Files\Entities\Platforms</Filter>
    </ClInclude>
    <ClInclude Include="PatternPlatform.h">
      <Filter>Header Files\Entities\Platforms\Dynamic</Filter>
    </ClInclude>
    <ClInclude Include="DynamicPlatform.h">
      <Filter>Header Files\Entities\Platforms\Dynamic</Filter>
    </ClInclude>
    <ClInclude Include="Game.h">
      <Filter>Header Files</Filter>
    </ClInclude>
    <ClInclude Include="Timeline.h">
      <Filter>Header Files\Time</Filter>
    </ClInclude>
    <ClInclude Include="GameTime.h">
      <Filter>Header Files\Time</Filter>
    </ClInclude>
    <ClInclude Include="Orientation.h">
      <Filter>Header Files\Utilities</Filter>
    </ClInclude>
    <ClInclude Include="Pattern.h">
      <Filter>Header Files\Utilities</Filter>
    </ClInclude>
    <ClInclude Include="PatternTypes.h">
      <Filter>Header Files\Utilities</Filter>
    </ClInclude>
    <ClInclude Include="Settings.h">
      <Filter>Header Files\Utilities</Filter>
    </ClInclude>
    <ClInclude Include="InputManager.h">
      <Filter>Header Files\Managers</Filter>
    </ClInclude>
    <ClInclude Include="Inputs.h">
      <Filter>Header Files\Utilities</Filter>
    </ClInclude>
    <ClInclude Include="EntityRectangle.h">
      <Filter>Header Files\Entities</Filter>
    </ClInclude>
  </ItemGroup>
</Project>