<?xml version="1.0" encoding="utf-8"?>
<Project ToolsVersion="4.0" xmlns="http://schemas.microsoft.com/developer/msbuild/2003">
  <ItemGroup>
    <Filter Include="Source Files">
      <UniqueIdentifier>{4FC737F1-C7A5-4376-A066-2A32D752A2FF}</UniqueIdentifier>
      <Extensions>cpp;c;cc;cxx;def;odl;idl;hpj;bat;asm;asmx</Extensions>
    </Filter>
    <Filter Include="Header Files">
      <UniqueIdentifier>{93995380-89BD-4b04-88EB-625FBE52EBFB}</UniqueIdentifier>
      <Extensions>h;hh;hpp;hxx;hm;inl;inc;ipp;xsd</Extensions>
    </Filter>
    <Filter Include="Resource Files">
      <UniqueIdentifier>{67DA6AB6-F800-4c08-8B7A-83BB121AAD01}</UniqueIdentifier>
      <Extensions>rc;ico;cur;bmp;dlg;rc2;rct;bin;rgs;gif;jpg;jpeg;jpe;resx;tiff;tif;png;wav;mfcribbon-ms</Extensions>
    </Filter>
    <Filter Include="Header Files\Managers">
      <UniqueIdentifier>{7fc7bd59-211f-4b63-ab7c-b49d61005997}</UniqueIdentifier>
    </Filter>
    <Filter Include="Header Files\Time">
      <UniqueIdentifier>{49541229-ff19-4481-b938-528a10d41b72}</UniqueIdentifier>
    </Filter>
    <Filter Include="Source Files\Time">
      <UniqueIdentifier>{774eb0ff-c9cd-465d-9b9b-36c12945fac8}</UniqueIdentifier>
    </Filter>
    <Filter Include="Source Files\Managers">
      <UniqueIdentifier>{3bf23a93-367c-40a2-a94e-2599fd3afc9b}</UniqueIdentifier>
    </Filter>
    <Filter Include="Header Files\Entities">
      <UniqueIdentifier>{a830dbfe-3af4-4a7c-b691-1d29d246646c}</UniqueIdentifier>
    </Filter>
    <Filter Include="Source Files\Entities">
      <UniqueIdentifier>{cfe6f360-4ead-4a94-a2c0-f33e22a9f461}</UniqueIdentifier>
    </Filter>
    <Filter Include="Header Files\Utilities">
      <UniqueIdentifier>{ec50bc82-85b3-4168-899d-dc0932c1ae1b}</UniqueIdentifier>
    </Filter>
    <Filter Include="Header Files\Entities\Characters">
      <UniqueIdentifier>{e91d6cf7-9a35-413e-80b2-e5ddb669347b}</UniqueIdentifier>
    </Filter>
    <Filter Include="Header Files\Entities\Platforms">
      <UniqueIdentifier>{4948e721-b52f-4a1e-b3ec-daf037e8278b}</UniqueIdentifier>
    </Filter>
    <Filter Include="Source Files\Utilities">
      <UniqueIdentifier>{a512f761-3851-40a5-a390-b0052ffbddf5}</UniqueIdentifier>
    </Filter>
    <Filter Include="Source Files\Entities\Characters">
      <UniqueIdentifier>{c5cc0085-c627-45d8-af8f-a45ce67a212c}</UniqueIdentifier>
    </Filter>
    <Filter Include="Source Files\Entities\Platforms">
      <UniqueIdentifier>{d1e09f04-ee74-4965-9a63-14467a0494c0}</UniqueIdentifier>
    </Filter>
    <Filter Include="Source Files\Components">
      <UniqueIdentifier>{66b55b05-76d9-4883-91ea-968b6f7104f5}</UniqueIdentifier>
    </Filter>
    <Filter Include="Header Files\Components">
      <UniqueIdentifier>{9cc3d337-33a9-4f53-b87c-f93a04f2886c}</UniqueIdentifier>
    </Filter>
    <Filter Include="Source Files\Components\Rendering">
      <UniqueIdentifier>{871252d7-9209-407c-97fb-4e6fe37da621}</UniqueIdentifier>
    </Filter>
    <Filter Include="Source Files\Components\Physics">
      <UniqueIdentifier>{5a9b0ba5-ee5e-4cbb-a0cd-e33bc7a98693}</UniqueIdentifier>
    </Filter>
    <Filter Include="Header Files\Components\Physics">
      <UniqueIdentifier>{971b74c2-93b6-44f0-8b6c-8f5f59f2d410}</UniqueIdentifier>
    </Filter>
    <Filter Include="Header Files\Components\Rendering">
      <UniqueIdentifier>{22cf017a-943a-4f6c-9242-0a831dd3436c}</UniqueIdentifier>
    </Filter>
    <Filter Include="Source Files\Utilities\HelperObjects">
      <UniqueIdentifier>{6ad8b54d-40f1-42ba-aebc-c9521f2cfd7f}</UniqueIdentifier>
    </Filter>
    <Filter Include="Header Files\Utilities\HelperObjects">
      <UniqueIdentifier>{451e91e8-39d4-4408-ad45-4f5565e09ae1}</UniqueIdentifier>
    </Filter>
    <Filter Include="Header Files\Utilities\Enums">
      <UniqueIdentifier>{cd7cb99f-084b-4167-a637-fd051870bca9}</UniqueIdentifier>
    </Filter>
    <Filter Include="Header Files\Components\Physics\Movement">
      <UniqueIdentifier>{cff10e4d-af5e-41e3-9cb1-34cc19bac82b}</UniqueIdentifier>
    </Filter>
    <Filter Include="Source Files\Components\Physics\Movement">
      <UniqueIdentifier>{a0132482-e9a2-4a62-88b7-c925e5c69a04}</UniqueIdentifier>
    </Filter>
    <Filter Include="Source Files\WorldSettings">
      <UniqueIdentifier>{6e75a1ab-35fc-4c26-95e8-5704e4419551}</UniqueIdentifier>
    </Filter>
    <Filter Include="Header Files\WorldSettings">
      <UniqueIdentifier>{8a3eb914-d95c-4f14-95f2-18f1d299fa6f}</UniqueIdentifier>
    </Filter>
    <Filter Include="Header Files\Components\Health">
      <UniqueIdentifier>{e44be212-c94e-4e6d-859e-51b0073ddf61}</UniqueIdentifier>
    </Filter>
    <Filter Include="Source Files\Components\Health">
      <UniqueIdentifier>{5cb9c178-1007-49ad-bae7-661dbf125b55}</UniqueIdentifier>
    </Filter>
    <Filter Include="Header Files\Entities\Zones">
      <UniqueIdentifier>{0d84dfc4-6c9e-4882-bcdf-9b3652e53bc8}</UniqueIdentifier>
    </Filter>
    <Filter Include="Source Files\Entities\Zones">
      <UniqueIdentifier>{3fc232d9-fa5e-4b45-8b73-c86ea920ea06}</UniqueIdentifier>
    </Filter>
  </ItemGroup>
  <ItemGroup>
    <ClCompile Include="main.cpp">
      <Filter>Source Files</Filter>
    </ClCompile>
    <ClCompile Include="Game.cpp">
      <Filter>Source Files</Filter>
    </ClCompile>
    <ClCompile Include="EntityManager.cpp">
      <Filter>Source Files\Managers</Filter>
    </ClCompile>
    <ClCompile Include="GameTime.cpp">
      <Filter>Source Files\Time</Filter>
    </ClCompile>
    <ClCompile Include="Pattern.cpp">
      <Filter>Source Files\Utilities</Filter>
    </ClCompile>
    <ClCompile Include="StaticPlatform.cpp">
      <Filter>Source Files\Entities\Platforms</Filter>
    </ClCompile>
    <ClCompile Include="Timeline.cpp">
      <Filter>Source Files\Time</Filter>
    </ClCompile>
    <ClCompile Include="Player.cpp">
      <Filter>Source Files\Entities\Characters</Filter>
    </ClCompile>
    <ClCompile Include="TransformComponent.cpp">
      <Filter>Source Files\Components</Filter>
    </ClCompile>
    <ClCompile Include="TextureComponent.cpp">
      <Filter>Source Files\Components\Rendering</Filter>
    </ClCompile>
    <ClCompile Include="RectangleColliderComponent.cpp">
      <Filter>Source Files\Components\Physics</Filter>
    </ClCompile>
    <ClCompile Include="RigidBodyComponent.cpp">
      <Filter>Source Files\Components\Physics</Filter>
    </ClCompile>
    <ClCompile Include="EngineRectangle.cpp">
      <Filter>Source Files\Utilities\HelperObjects</Filter>
    </ClCompile>
    <ClCompile Include="JumpComponent.cpp">
      <Filter>Source Files\Components\Physics\Movement</Filter>
    </ClCompile>
    <ClCompile Include="PatternComponent.cpp">
      <Filter>Source Files\Components\Physics\Movement</Filter>
    </ClCompile>
    <ClCompile Include="MovementComponent.cpp">
      <Filter>Source Files\Components\Physics\Movement</Filter>
    </ClCompile>
    <ClCompile Include="PatternPlatform.cpp">
      <Filter>Source Files\Entities\Platforms</Filter>
    </ClCompile>
    <ClCompile Include="Rect.cpp">
      <Filter>Source Files\Utilities\HelperObjects</Filter>
    </ClCompile>
    <ClCompile Include="GenericComponent.cpp">
      <Filter>Source Files\Components</Filter>
    </ClCompile>
    <ClCompile Include="PhysicsEngineSettings.cpp">
      <Filter>Source Files\WorldSettings</Filter>
    </ClCompile>
    <ClCompile Include="InputManager.cpp">
      <Filter>Source Files\Managers</Filter>
    </ClCompile>
    <ClCompile Include="CollisionsManager.cpp">
      <Filter>Source Files\Managers</Filter>
    </ClCompile>
    <ClCompile Include="PlayerInputComponent.cpp">
      <Filter>Source Files\Components</Filter>
    </ClCompile>
    <ClCompile Include="ColorComponent.cpp">
      <Filter>Source Files\Components\Rendering</Filter>
    </ClCompile>
    <ClCompile Include="GameObject.cpp">
      <Filter>Source Files\Entities</Filter>
    </ClCompile>
    <ClCompile Include="KillComponent.cpp">
      <Filter>Source Files\Components\Health</Filter>
    </ClCompile>
    <ClCompile Include="DieComponent.cpp">
      <Filter>Source Files\Components\Health</Filter>
    </ClCompile>
    <ClCompile Include="SpawnComponent.cpp">
      <Filter>Source Files\Components\Health</Filter>
    </ClCompile>
    <ClCompile Include="SpawnZone.cpp">
      <Filter>Source Files\Entities\Zones</Filter>
    </ClCompile>
    <ClCompile Include="DeathZone.cpp">
      <Filter>Source Files\Entities\Zones</Filter>
    </ClCompile>
    <ClCompile Include="SideBoundaryComponent.cpp">
      <Filter>Source Files\Components</Filter>
    </ClCompile>
    <ClCompile Include="SideBoundary.cpp">
      <Filter>Source Files\Entities\Zones</Filter>
    </ClCompile>
  </ItemGroup>
  <ItemGroup>
    <ClInclude Include="EntityManager.h">
      <Filter>Header Files\Managers</Filter>
    </ClInclude>
    <ClInclude Include="Player.h">
      <Filter>Header Files\Entities\Characters</Filter>
    </ClInclude>
    <ClInclude Include="StaticPlatform.h">
      <Filter>Header Files\Entities\Platforms</Filter>
    </ClInclude>
    <ClInclude Include="Game.h">
      <Filter>Header Files</Filter>
    </ClInclude>
    <ClInclude Include="Timeline.h">
      <Filter>Header Files\Time</Filter>
    </ClInclude>
    <ClInclude Include="GameTime.h">
      <Filter>Header Files\Time</Filter>
    </ClInclude>
    <ClInclude Include="Pattern.h">
      <Filter>Header Files\Utilities</Filter>
    </ClInclude>
    <ClInclude Include="Settings.h">
      <Filter>Header Files\Utilities</Filter>
    </ClInclude>
    <ClInclude Include="GameObject.h">
      <Filter>Header Files\Entities</Filter>
    </ClInclude>
    <ClInclude Include="TransformComponent.h">
      <Filter>Header Files\Components</Filter>
    </ClInclude>
    <ClInclude Include="RectangleColliderComponent.h">
      <Filter>Header Files\Components\Physics</Filter>
    </ClInclude>
    <ClInclude Include="RigidBodyComponent.h">
      <Filter>Header Files\Components\Physics</Filter>
    </ClInclude>
    <ClInclude Include="TextureComponent.h">
      <Filter>Header Files\Components\Rendering</Filter>
    </ClInclude>
    <ClInclude Include="EngineRectangle.h">
      <Filter>Header Files\Utilities\HelperObjects</Filter>
    </ClInclude>
    <ClInclude Include="Orientation.h">
      <Filter>Header Files\Utilities\Enums</Filter>
    </ClInclude>
    <ClInclude Include="Inputs.h">
      <Filter>Header Files\Utilities\Enums</Filter>
    </ClInclude>
    <ClInclude Include="PatternTypes.h">
      <Filter>Header Files\Utilities\Enums</Filter>
    </ClInclude>
    <ClInclude Include="PatternComponent.h">
      <Filter>Header Files\Components\Physics\Movement</Filter>
    </ClInclude>
    <ClInclude Include="JumpComponent.h">
      <Filter>Header Files\Components\Physics\Movement</Filter>
    </ClInclude>
    <ClInclude Include="MovementComponent.h">
      <Filter>Header Files\Components\Physics\Movement</Filter>
    </ClInclude>
    <ClInclude Include="PatternPlatform.h">
      <Filter>Header Files\Entities\Platforms</Filter>
    </ClInclude>
    <ClInclude Include="Rect.h">
      <Filter>Header Files\Utilities\HelperObjects</Filter>
    </ClInclude>
    <ClInclude Include="ComponentTypes.h">
      <Filter>Header Files\Utilities\Enums</Filter>
    </ClInclude>
    <ClInclude Include="GenericComponent.h">
      <Filter>Header Files\Components</Filter>
    </ClInclude>
    <ClInclude Include="PhysicsEngineSettings.h">
      <Filter>Header Files\WorldSettings</Filter>
    </ClInclude>
    <ClInclude Include="InputManager.h">
      <Filter>Header Files\Managers</Filter>
    </ClInclude>
    <ClInclude Include="CollisionsManager.h">
      <Filter>Header Files\Managers</Filter>
    </ClInclude>
    <ClInclude Include="PlayerInputComponent.h">
      <Filter>Header Files\Components</Filter>
    </ClInclude>
    <ClInclude Include="ColorComponent.h">
      <Filter>Header Files\Components\Rendering</Filter>
    </ClInclude>
    <ClInclude Include="KillComponent.h">
      <Filter>Header Files\Components\Health</Filter>
    </ClInclude>
    <ClInclude Include="DieComponent.h">
      <Filter>Header Files\Components\Health</Filter>
    </ClInclude>
    <ClInclude Include="SpawnComponent.h">
      <Filter>Header Files\Components\Health</Filter>
    </ClInclude>
    <ClInclude Include="SpawnZone.h">
      <Filter>Header Files\Entities\Zones</Filter>
    </ClInclude>
    <ClInclude Include="DeathZone.h">
      <Filter>Header Files\Entities\Zones</Filter>
    </ClInclude>
    <ClInclude Include="SideBoundaryComponent.h">
      <Filter>Header Files\Components</Filter>
    </ClInclude>
    <ClInclude Include="SideBoundary.h">
      <Filter>Header Files\Entities\Zones</Filter>
    </ClInclude>
  </ItemGroup>
</Project>